
Microsoft Visual Studio Solution File, Format Version 12.00
# Visual Studio Version 17
VisualStudioVersion = 17.0.32112.339
MinimumVisualStudioVersion = 10.0.40219.1
Project("{FAE04EC0-301F-11D3-BF4B-00C04F79EFBC}") = "OOPAndFiless", "OOPAndFiless\OOPAndFiless.csproj", "{E456A75F-89DF-4A67-9847-A987D69F7A48}"
EndProject
Project("{FAE04EC0-301F-11D3-BF4B-00C04F79EFBC}") = "Frozen", "Frozen\Frozen.csproj", "{3E129D2D-9DA3-445F-85AA-4600E0F59DC0}"
EndProject
Global
	GlobalSection(SolutionConfigurationPlatforms) = preSolution
		Debug|Any CPU = Debug|Any CPU
		Release|Any CPU = Release|Any CPU
	EndGlobalSection
	GlobalSection(ProjectConfigurationPlatforms) = postSolution
		{E456A75F-89DF-4A67-9847-A987D69F7A48}.Debug|Any CPU.ActiveCfg = Debug|Any CPU
		{E456A75F-89DF-4A67-9847-A987D69F7A48}.Debug|Any CPU.Build.0 = Debug|Any CPU
		{E456A75F-89DF-4A67-9847-A987D69F7A48}.Release|Any CPU.ActiveCfg = Release|Any CPU
		{E456A75F-89DF-4A67-9847-A987D69F7A48}.Release|Any CPU.Build.0 = Release|Any CPU
		{3E129D2D-9DA3-445F-85AA-4600E0F59DC0}.Debug|Any CPU.ActiveCfg = Debug|Any CPU
		{3E129D2D-9DA3-445F-85AA-4600E0F59DC0}.Debug|Any CPU.Build.0 = Debug|Any CPU
		{3E129D2D-9DA3-445F-85AA-4600E0F59DC0}.Release|Any CPU.ActiveCfg = Release|Any CPU
		{3E129D2D-9DA3-445F-85AA-4600E0F59DC0}.Release|Any CPU.Build.0 = Release|Any CPU
	EndGlobalSection
	GlobalSection(SolutionProperties) = preSolution
		HideSolutionNode = FALSE
	EndGlobalSection
	GlobalSection(ExtensibilityGlobals) = postSolution
		SolutionGuid = {6C066C06-0F7E-4D46-B97F-C2235F145362}
	EndGlobalSection
EndGlobal
